
Microsoft Visual Studio Solution File, Format Version 10.00
# Visual Studio 2008
Project("{8BC9CEB8-8B4A-11D0-8D11-00A0C91BC942}") = "Bananoid", "Bananoid\Bananoid.vcproj", "{15229B70-B64E-4FBE-BBD8-7A83693C85FC}"
EndProject
Project("{8BC9CEB8-8B4A-11D0-8D11-00A0C91BC942}") = "Box2D", "Box2D\Box2D.vcproj", "{CF7E4494-61E5-42C1-A181-4E35E8645EB7}"
EndProject
Global
	GlobalSection(SolutionConfigurationPlatforms) = preSolution
		Debug|Mixed Platforms = Debug|Mixed Platforms
		Debug|SDK_HL_1303 (ARMV4I) = Debug|SDK_HL_1303 (ARMV4I)
		Debug|Win32 = Debug|Win32
		Release|Mixed Platforms = Release|Mixed Platforms
		Release|SDK_HL_1303 (ARMV4I) = Release|SDK_HL_1303 (ARMV4I)
		Release|Win32 = Release|Win32
	EndGlobalSection
	GlobalSection(ProjectConfigurationPlatforms) = postSolution
		{15229B70-B64E-4FBE-BBD8-7A83693C85FC}.Debug|Mixed Platforms.ActiveCfg = Debug|SDK_HL_1303 (ARMV4I)
		{15229B70-B64E-4FBE-BBD8-7A83693C85FC}.Debug|Mixed Platforms.Build.0 = Debug|SDK_HL_1303 (ARMV4I)
		{15229B70-B64E-4FBE-BBD8-7A83693C85FC}.Debug|Mixed Platforms.Deploy.0 = Debug|SDK_HL_1303 (ARMV4I)
		{15229B70-B64E-4FBE-BBD8-7A83693C85FC}.Debug|SDK_HL_1303 (ARMV4I).ActiveCfg = Debug|SDK_HL_1303 (ARMV4I)
		{15229B70-B64E-4FBE-BBD8-7A83693C85FC}.Debug|SDK_HL_1303 (ARMV4I).Build.0 = Debug|SDK_HL_1303 (ARMV4I)
		{15229B70-B64E-4FBE-BBD8-7A83693C85FC}.Debug|SDK_HL_1303 (ARMV4I).Deploy.0 = Debug|SDK_HL_1303 (ARMV4I)
		{15229B70-B64E-4FBE-BBD8-7A83693C85FC}.Debug|Win32.ActiveCfg = Debug|SDK_HL_1303 (ARMV4I)
		{15229B70-B64E-4FBE-BBD8-7A83693C85FC}.Release|Mixed Platforms.ActiveCfg = Release|SDK_HL_1303 (ARMV4I)
		{15229B70-B64E-4FBE-BBD8-7A83693C85FC}.Release|Mixed Platforms.Build.0 = Release|SDK_HL_1303 (ARMV4I)
		{15229B70-B64E-4FBE-BBD8-7A83693C85FC}.Release|Mixed Platforms.Deploy.0 = Release|SDK_HL_1303 (ARMV4I)
		{15229B70-B64E-4FBE-BBD8-7A83693C85FC}.Release|SDK_HL_1303 (ARMV4I).ActiveCfg = Release|SDK_HL_1303 (ARMV4I)
		{15229B70-B64E-4FBE-BBD8-7A83693C85FC}.Release|SDK_HL_1303 (ARMV4I).Build.0 = Release|SDK_HL_1303 (ARMV4I)
		{15229B70-B64E-4FBE-BBD8-7A83693C85FC}.Release|SDK_HL_1303 (ARMV4I).Deploy.0 = Release|SDK_HL_1303 (ARMV4I)
		{15229B70-B64E-4FBE-BBD8-7A83693C85FC}.Release|Win32.ActiveCfg = Release|SDK_HL_1303 (ARMV4I)
		{CF7E4494-61E5-42C1-A181-4E35E8645EB7}.Debug|Mixed Platforms.ActiveCfg = Debug|SDK_HL_1303 (ARMV4I)
		{CF7E4494-61E5-42C1-A181-4E35E8645EB7}.Debug|Mixed Platforms.Build.0 = Debug|SDK_HL_1303 (ARMV4I)
		{CF7E4494-61E5-42C1-A181-4E35E8645EB7}.Debug|Mixed Platforms.Deploy.0 = Debug|SDK_HL_1303 (ARMV4I)
		{CF7E4494-61E5-42C1-A181-4E35E8645EB7}.Debug|SDK_HL_1303 (ARMV4I).ActiveCfg = Debug|SDK_HL_1303 (ARMV4I)
		{CF7E4494-61E5-42C1-A181-4E35E8645EB7}.Debug|SDK_HL_1303 (ARMV4I).Build.0 = Debug|SDK_HL_1303 (ARMV4I)
		{CF7E4494-61E5-42C1-A181-4E35E8645EB7}.Debug|SDK_HL_1303 (ARMV4I).Deploy.0 = Debug|SDK_HL_1303 (ARMV4I)
		{CF7E4494-61E5-42C1-A181-4E35E8645EB7}.Debug|Win32.ActiveCfg = Debug|SDK_HL_1303 (ARMV4I)
		{CF7E4494-61E5-42C1-A181-4E35E8645EB7}.Release|Mixed Platforms.ActiveCfg = Release|SDK_HL_1303 (ARMV4I)
		{CF7E4494-61E5-42C1-A181-4E35E8645EB7}.Release|Mixed Platforms.Build.0 = Release|SDK_HL_1303 (ARMV4I)
		{CF7E4494-61E5-42C1-A181-4E35E8645EB7}.Release|Mixed Platforms.Deploy.0 = Release|SDK_HL_1303 (ARMV4I)
		{CF7E4494-61E5-42C1-A181-4E35E8645EB7}.Release|SDK_HL_1303 (ARMV4I).ActiveCfg = Release|SDK_HL_1303 (ARMV4I)
		{CF7E4494-61E5-42C1-A181-4E35E8645EB7}.Release|SDK_HL_1303 (ARMV4I).Build.0 = Release|SDK_HL_1303 (ARMV4I)
		{CF7E4494-61E5-42C1-A181-4E35E8645EB7}.Release|SDK_HL_1303 (ARMV4I).Deploy.0 = Release|SDK_HL_1303 (ARMV4I)
		{CF7E4494-61E5-42C1-A181-4E35E8645EB7}.Release|Win32.ActiveCfg = Release|SDK_HL_1303 (ARMV4I)
	EndGlobalSection
	GlobalSection(SolutionProperties) = preSolution
		HideSolutionNode = FALSE
	EndGlobalSection
EndGlobal
